Microsoft Visual Studio Solution File, Format Version 12.00
# Visual Studio Version 17
VisualStudioVersion = 17.5.2.0
MinimumVisualStudioVersion = 10.0.40219.1
Project("{FAE04EC0-301F-11D3-BF4B-00C04F79EFBC}") = "cSharpGettingStarted", "cSharpGettingStarted.csproj", "{DDF1418F-2234-5523-2E15-3ABF85B88BF3}"
EndProject
Global
	GlobalSection(SolutionConfigurationPlatforms) = preSolution
		Debug|Any CPU = Debug|Any CPU
		Release|Any CPU = Release|Any CPU
	EndGlobalSection
	GlobalSection(ProjectConfigurationPlatforms) = postSolution
		{DDF1418F-2234-5523-2E15-3ABF85B88BF3}.Debug|Any CPU.ActiveCfg = Debug|Any CPU
		{DDF1418F-2234-5523-2E15-3ABF85B88BF3}.Debug|Any CPU.Build.0 = Debug|Any CPU
		{DDF1418F-2234-5523-2E15-3ABF85B88BF3}.Release|Any CPU.ActiveCfg = Release|Any CPU
		{DDF1418F-2234-5523-2E15-3ABF85B88BF3}.Release|Any CPU.Build.0 = Release|Any CPU
	EndGlobalSection
	GlobalSection(SolutionProperties) = preSolution
		HideSolutionNode = FALSE
	EndGlobalSection
	GlobalSection(ExtensibilityGlobals) = postSolution
		SolutionGuid = {4B786E9D-7392-4553-BEEF-08901E302041}
	EndGlobalSection
EndGlobal
